
Microsoft Visual Studio Solution File, Format Version 12.00
# Visual Studio 15
VisualStudioVersion = 15.0.26430.14
MinimumVisualStudioVersion = 10.0.40219.1
Project("{FAE04EC0-301F-11D3-BF4B-00C04F79EFBC}") = "s7cli", "s7cli\s7cli.csproj", "{B5237990-9A39-46A1-901E-99A529C3488B}"
EndProject
Project("{2150E333-8FDC-42A3-9474-1A3956D46DE8}") = "Solution Items", "Solution Items", "{89C74014-18D4-4742-A045-E0114276A318}"
EndProject
Project("{FAE04EC0-301F-11D3-BF4B-00C04F79EFBC}") = "UnitTests_s7cli", "UnitTests_s7cli\UnitTests_s7cli.csproj", "{A0E98F19-5509-44F0-A18B-F5A779489D3F}"
EndProject
Global
	GlobalSection(SolutionConfigurationPlatforms) = preSolution
		Debug|Any CPU = Debug|Any CPU
		Debug|x86 = Debug|x86
		Release|Any CPU = Release|Any CPU
		Release|x86 = Release|x86
	EndGlobalSection
	GlobalSection(ProjectConfigurationPlatforms) = postSolution
		{B5237990-9A39-46A1-901E-99A529C3488B}.Debug|Any CPU.ActiveCfg = Debug|x86
		{B5237990-9A39-46A1-901E-99A529C3488B}.Debug|x86.ActiveCfg = Debug|x86
		{B5237990-9A39-46A1-901E-99A529C3488B}.Debug|x86.Build.0 = Debug|x86
		{B5237990-9A39-46A1-901E-99A529C3488B}.Release|Any CPU.ActiveCfg = Release|x86
		{B5237990-9A39-46A1-901E-99A529C3488B}.Release|x86.ActiveCfg = Release|x86
		{B5237990-9A39-46A1-901E-99A529C3488B}.Release|x86.Build.0 = Release|x86
		{A0E98F19-5509-44F0-A18B-F5A779489D3F}.Debug|Any CPU.ActiveCfg = Debug|Any CPU
		{A0E98F19-5509-44F0-A18B-F5A779489D3F}.Debug|Any CPU.Build.0 = Debug|Any CPU
		{A0E98F19-5509-44F0-A18B-F5A779489D3F}.Debug|x86.ActiveCfg = Debug|Any CPU
		{A0E98F19-5509-44F0-A18B-F5A779489D3F}.Debug|x86.Build.0 = Debug|Any CPU
		{A0E98F19-5509-44F0-A18B-F5A779489D3F}.Release|Any CPU.ActiveCfg = Release|Any CPU
		{A0E98F19-5509-44F0-A18B-F5A779489D3F}.Release|Any CPU.Build.0 = Release|Any CPU
		{A0E98F19-5509-44F0-A18B-F5A779489D3F}.Release|x86.ActiveCfg = Release|Any CPU
		{A0E98F19-5509-44F0-A18B-F5A779489D3F}.Release|x86.Build.0 = Release|Any CPU
	EndGlobalSection
	GlobalSection(SolutionProperties) = preSolution
		HideSolutionNode = FALSE
	EndGlobalSection
EndGlobal
